
Microsoft Visual Studio Solution File, Format Version 12.00
# Visual Studio 15
VisualStudioVersion = 15.0.28307.421
MinimumVisualStudioVersion = 10.0.40219.1
Project("{FAE04EC0-301F-11D3-BF4B-00C04F79EFBC}") = "MTG_App.Android", "MTG_App\MTG_App.Android\MTG_App.Android.csproj", "{EE2908CC-02FD-4F6B-9DFF-1310C0D74D6E}"
EndProject
Project("{FAE04EC0-301F-11D3-BF4B-00C04F79EFBC}") = "MTG_App.iOS", "MTG_App\MTG_App.iOS\MTG_App.iOS.csproj", "{EFC88DAA-B666-49BD-BFB4-556D05405E58}"
EndProject
Project("{FAE04EC0-301F-11D3-BF4B-00C04F79EFBC}") = "MTG_App.UWP", "MTG_App\MTG_App.UWP\MTG_App.UWP.csproj", "{394B6E78-FDB9-47DF-A2F6-28BD4BF962EF}"
EndProject
Project("{FAE04EC0-301F-11D3-BF4B-00C04F79EFBC}") = "MTG_App", "MTG_App\MTG_App\MTG_App.csproj", "{432DF03A-C9AA-4CE7-A7D7-C7D8D85835B5}"
EndProject
Global
	GlobalSection(SolutionConfigurationPlatforms) = preSolution
		Ad-Hoc|Any CPU = Ad-Hoc|Any CPU
		Ad-Hoc|ARM = Ad-Hoc|ARM
		Ad-Hoc|iPhone = Ad-Hoc|iPhone
		Ad-Hoc|iPhoneSimulator = Ad-Hoc|iPhoneSimulator
		Ad-Hoc|x64 = Ad-Hoc|x64
		Ad-Hoc|x86 = Ad-Hoc|x86
		AppStore|Any CPU = AppStore|Any CPU
		AppStore|ARM = AppStore|ARM
		AppStore|iPhone = AppStore|iPhone
		AppStore|iPhoneSimulator = AppStore|iPhoneSimulator
		AppStore|x64 = AppStore|x64
		AppStore|x86 = AppStore|x86
		Debug|Any CPU = Debug|Any CPU
		Debug|ARM = Debug|ARM
		Debug|iPhone = Debug|iPhone
		Debug|iPhoneSimulator = Debug|iPhoneSimulator
		Debug|x64 = Debug|x64
		Debug|x86 = Debug|x86
		Release|Any CPU = Release|Any CPU
		Release|ARM = Release|ARM
		Release|iPhone = Release|iPhone
		Release|iPhoneSimulator = Release|iPhoneSimulator
		Release|x64 = Release|x64
		Release|x86 = Release|x86
	EndGlobalSection
	GlobalSection(ProjectConfigurationPlatforms) = postSolution
		{EE2908CC-02FD-4F6B-9DFF-1310C0D74D6E}.Ad-Hoc|Any CPU.ActiveCfg = Release|Any CPU
		{EE2908CC-02FD-4F6B-9DFF-1310C0D74D6E}.Ad-Hoc|Any CPU.Build.0 = Release|Any CPU
		{EE2908CC-02FD-4F6B-9DFF-1310C0D74D6E}.Ad-Hoc|Any CPU.Deploy.0 = Release|Any CPU
		{EE2908CC-02FD-4F6B-9DFF-1310C0D74D6E}.Ad-Hoc|ARM.ActiveCfg = Release|Any CPU
		{EE2908CC-02FD-4F6B-9DFF-1310C0D74D6E}.Ad-Hoc|ARM.Build.0 = Release|Any CPU
		{EE2908CC-02FD-4F6B-9DFF-1310C0D74D6E}.Ad-Hoc|ARM.Deploy.0 = Release|Any CPU
		{EE2908CC-02FD-4F6B-9DFF-1310C0D74D6E}.Ad-Hoc|iPhone.ActiveCfg = Release|Any CPU
		{EE2908CC-02FD-4F6B-9DFF-1310C0D74D6E}.Ad-Hoc|iPhone.Build.0 = Release|Any CPU
		{EE2908CC-02FD-4F6B-9DFF-1310C0D74D6E}.Ad-Hoc|iPhone.Deploy.0 = Release|Any CPU
		{EE2908CC-02FD-4F6B-9DFF-1310C0D74D6E}.Ad-Hoc|iPhoneSimulator.ActiveCfg = Release|Any CPU
		{EE2908CC-02FD-4F6B-9DFF-1310C0D74D6E}.Ad-Hoc|iPhoneSimulator.Build.0 = Release|Any CPU
		{EE2908CC-02FD-4F6B-9DFF-1310C0D74D6E}.Ad-Hoc|iPhoneSimulator.Deploy.0 = Release|Any CPU
		{EE2908CC-02FD-4F6B-9DFF-1310C0D74D6E}.Ad-Hoc|x64.ActiveCfg = Release|Any CPU
		{EE2908CC-02FD-4F6B-9DFF-1310C0D74D6E}.Ad-Hoc|x64.Build.0 = Release|Any CPU
		{EE2908CC-02FD-4F6B-9DFF-1310C0D74D6E}.Ad-Hoc|x64.Deploy.0 = Release|Any CPU
		{EE2908CC-02FD-4F6B-9DFF-1310C0D74D6E}.Ad-Hoc|x86.ActiveCfg = Release|Any CPU
		{EE2908CC-02FD-4F6B-9DFF-1310C0D74D6E}.Ad-Hoc|x86.Build.0 = Release|Any CPU
		{EE2908CC-02FD-4F6B-9DFF-1310C0D74D6E}.Ad-Hoc|x86.Deploy.0 = Release|Any CPU
		{EE2908CC-02FD-4F6B-9DFF-1310C0D74D6E}.AppStore|Any CPU.ActiveCfg = Release|Any CPU
		{EE2908CC-02FD-4F6B-9DFF-1310C0D74D6E}.AppStore|Any CPU.Build.0 = Release|Any CPU
		{EE2908CC-02FD-4F6B-9DFF-1310C0D74D6E}.AppStore|Any CPU.Deploy.0 = Release|Any CPU
		{EE2908CC-02FD-4F6B-9DFF-1310C0D74D6E}.AppStore|ARM.ActiveCfg = Release|Any CPU
		{EE2908CC-02FD-4F6B-9DFF-1310C0D74D6E}.AppStore|ARM.Build.0 = Release|Any CPU
		{EE2908CC-02FD-4F6B-9DFF-1310C0D74D6E}.AppStore|ARM.Deploy.0 = Release|Any CPU
		{EE2908CC-02FD-4F6B-9DFF-1310C0D74D6E}.AppStore|iPhone.ActiveCfg = Release|Any CPU
		{EE2908CC-02FD-4F6B-9DFF-1310C0D74D6E}.AppStore|iPhone.Build.0 = Release|Any CPU
		{EE2908CC-02FD-4F6B-9DFF-1310C0D74D6E}.AppStore|iPhone.Deploy.0 = Release|Any CPU
		{EE2908CC-02FD-4F6B-9DFF-1310C0D74D6E}.AppStore|iPhoneSimulator.ActiveCfg = Release|Any CPU
		{EE2908CC-02FD-4F6B-9DFF-1310C0D74D6E}.AppStore|iPhoneSimulator.Build.0 = Release|Any CPU
		{EE2908CC-02FD-4F6B-9DFF-1310C0D74D6E}.AppStore|iPhoneSimulator.Deploy.0 = Release|Any CPU
		{EE2908CC-02FD-4F6B-9DFF-1310C0D74D6E}.AppStore|x64.ActiveCfg = Release|Any CPU
		{EE2908CC-02FD-4F6B-9DFF-1310C0D74D6E}.AppStore|x64.Build.0 = Release|Any CPU
		{EE2908CC-02FD-4F6B-9DFF-1310C0D74D6E}.AppStore|x64.Deploy.0 = Release|Any CPU
		{EE2908CC-02FD-4F6B-9DFF-1310C0D74D6E}.AppStore|x86.ActiveCfg = Release|Any CPU
		{EE2908CC-02FD-4F6B-9DFF-1310C0D74D6E}.AppStore|x86.Build.0 = Release|Any CPU
		{EE2908CC-02FD-4F6B-9DFF-1310C0D74D6E}.AppStore|x86.Deploy.0 = Release|Any CPU
		{EE2908CC-02FD-4F6B-9DFF-1310C0D74D6E}.Debug|Any CPU.ActiveCfg = Debug|Any CPU
		{EE2908CC-02FD-4F6B-9DFF-1310C0D74D6E}.Debug|Any CPU.Build.0 = Debug|Any CPU
		{EE2908CC-02FD-4F6B-9DFF-1310C0D74D6E}.Debug|Any CPU.Deploy.0 = Debug|Any CPU
		{EE2908CC-02FD-4F6B-9DFF-1310C0D74D6E}.Debug|ARM.ActiveCfg = Debug|Any CPU
		{EE2908CC-02FD-4F6B-9DFF-1310C0D74D6E}.Debug|ARM.Build.0 = Debug|Any CPU
		{EE2908CC-02FD-4F6B-9DFF-1310C0D74D6E}.Debug|ARM.Deploy.0 = Debug|Any CPU
		{EE2908CC-02FD-4F6B-9DFF-1310C0D74D6E}.Debug|iPhone.ActiveCfg = Debug|Any CPU
		{EE2908CC-02FD-4F6B-9DFF-1310C0D74D6E}.Debug|iPhone.Build.0 = Debug|Any CPU
		{EE2908CC-02FD-4F6B-9DFF-1310C0D74D6E}.Debug|iPhone.Deploy.0 = Debug|Any CPU
		{EE2908CC-02FD-4F6B-9DFF-1310C0D74D6E}.Debug|iPhoneSimulator.ActiveCfg = Debug|Any CPU
		{EE2908CC-02FD-4F6B-9DFF-1310C0D74D6E}.Debug|iPhoneSimulator.Build.0 = Debug|Any CPU
		{EE2908CC-02FD-4F6B-9DFF-1310C0D74D6E}.Debug|iPhoneSimulator.Deploy.0 = Debug|Any CPU
		{EE2908CC-02FD-4F6B-9DFF-1310C0D74D6E}.Debug|x64.ActiveCfg = Debug|Any CPU
		{EE2908CC-02FD-4F6B-9DFF-1310C0D74D6E}.Debug|x64.Build.0 = Debug|Any CPU
		{EE2908CC-02FD-4F6B-9DFF-1310C0D74D6E}.Debug|x64.Deploy.0 = Debug|Any CPU
		{EE2908CC-02FD-4F6B-9DFF-1310C0D74D6E}.Debug|x86.ActiveCfg = Debug|Any CPU
		{EE2908CC-02FD-4F6B-9DFF-1310C0D74D6E}.Debug|x86.Build.0 = Debug|Any CPU
		{EE2908CC-02FD-4F6B-9DFF-1310C0D74D6E}.Debug|x86.Deploy.0 = Debug|Any CPU
		{EE2908CC-02FD-4F6B-9DFF-1310C0D74D6E}.Release|Any CPU.ActiveCfg = Release|Any CPU
		{EE2908CC-02FD-4F6B-9DFF-1310C0D74D6E}.Release|Any CPU.Build.0 = Release|Any CPU
		{EE2908CC-02FD-4F6B-9DFF-1310C0D74D6E}.Release|Any CPU.Deploy.0 = Release|Any CPU
		{EE2908CC-02FD-4F6B-9DFF-1310C0D74D6E}.Release|ARM.ActiveCfg = Release|Any CPU
		{EE2908CC-02FD-4F6B-9DFF-1310C0D74D6E}.Release|ARM.Build.0 = Release|Any CPU
		{EE2908CC-02FD-4F6B-9DFF-1310C0D74D6E}.Release|ARM.Deploy.0 = Release|Any CPU
		{EE2908CC-02FD-4F6B-9DFF-1310C0D74D6E}.Release|iPhone.ActiveCfg = Release|Any CPU
		{EE2908CC-02FD-4F6B-9DFF-1310C0D74D6E}.Release|iPhone.Build.0 = Release|Any CPU
		{EE2908CC-02FD-4F6B-9DFF-1310C0D74D6E}.Release|iPhone.Deploy.0 = Release|Any CPU
		{EE2908CC-02FD-4F6B-9DFF-1310C0D74D6E}.Release|iPhoneSimulator.ActiveCfg = Release|Any CPU
		{EE2908CC-02FD-4F6B-9DFF-1310C0D74D6E}.Release|iPhoneSimulator.Build.0 = Release|Any CPU
		{EE2908CC-02FD-4F6B-9DFF-1310C0D74D6E}.Release|iPhoneSimulator.Deploy.0 = Release|Any CPU
		{EE2908CC-02FD-4F6B-9DFF-1310C0D74D6E}.Release|x64.ActiveCfg = Release|Any CPU
		{EE2908CC-02FD-4F6B-9DFF-1310C0D74D6E}.Release|x64.Build.0 = Release|Any CPU
		{EE2908CC-02FD-4F6B-9DFF-1310C0D74D6E}.Release|x64.Deploy.0 = Release|Any CPU
		{EE2908CC-02FD-4F6B-9DFF-1310C0D74D6E}.Release|x86.ActiveCfg = Release|Any CPU
		{EE2908CC-02FD-4F6B-9DFF-1310C0D74D6E}.Release|x86.Build.0 = Release|Any CPU
		{EE2908CC-02FD-4F6B-9DFF-1310C0D74D6E}.Release|x86.Deploy.0 = Release|Any CPU
		{EFC88DAA-B666-49BD-BFB4-556D05405E58}.Ad-Hoc|Any CPU.ActiveCfg = Ad-Hoc|iPhone
		{EFC88DAA-B666-49BD-BFB4-556D05405E58}.Ad-Hoc|Any CPU.Build.0 = Ad-Hoc|iPhone
		{EFC88DAA-B666-49BD-BFB4-556D05405E58}.Ad-Hoc|Any CPU.Deploy.0 = Ad-Hoc|iPhone
		{EFC88DAA-B666-49BD-BFB4-556D05405E58}.Ad-Hoc|ARM.ActiveCfg = Ad-Hoc|iPhone
		{EFC88DAA-B666-49BD-BFB4-556D05405E58}.Ad-Hoc|ARM.Build.0 = Ad-Hoc|iPhone
		{EFC88DAA-B666-49BD-BFB4-556D05405E58}.Ad-Hoc|ARM.Deploy.0 = Ad-Hoc|iPhone
		{EFC88DAA-B666-49BD-BFB4-556D05405E58}.Ad-Hoc|iPhone.ActiveCfg = Ad-Hoc|iPhone
		{EFC88DAA-B666-49BD-BFB4-556D05405E58}.Ad-Hoc|iPhone.Build.0 = Ad-Hoc|iPhone
		{EFC88DAA-B666-49BD-BFB4-556D05405E58}.Ad-Hoc|iPhone.Deploy.0 = Ad-Hoc|iPhone
		{EFC88DAA-B666-49BD-BFB4-556D05405E58}.Ad-Hoc|iPhoneSimulator.ActiveCfg = Ad-Hoc|iPhoneSimulator
		{EFC88DAA-B666-49BD-BFB4-556D05405E58}.Ad-Hoc|iPhoneSimulator.Build.0 = Ad-Hoc|iPhoneSimulator
		{EFC88DAA-B666-49BD-BFB4-556D05405E58}.Ad-Hoc|iPhoneSimulator.Deploy.0 = Ad-Hoc|iPhoneSimulator
		{EFC88DAA-B666-49BD-BFB4-556D05405E58}.Ad-Hoc|x64.ActiveCfg = Ad-Hoc|iPhone
		{EFC88DAA-B666-49BD-BFB4-556D05405E58}.Ad-Hoc|x64.Build.0 = Ad-Hoc|iPhone
		{EFC88DAA-B666-49BD-BFB4-556D05405E58}.Ad-Hoc|x64.Deploy.0 = Ad-Hoc|iPhone
		{EFC88DAA-B666-49BD-BFB4-556D05405E58}.Ad-Hoc|x86.ActiveCfg = Ad-Hoc|iPhone
		{EFC88DAA-B666-49BD-BFB4-556D05405E58}.Ad-Hoc|x86.Build.0 = Ad-Hoc|iPhone
		{EFC88DAA-B666-49BD-BFB4-556D05405E58}.Ad-Hoc|x86.Deploy.0 = Ad-Hoc|iPhone
		{EFC88DAA-B666-49BD-BFB4-556D05405E58}.AppStore|Any CPU.ActiveCfg = AppStore|iPhone
		{EFC88DAA-B666-49BD-BFB4-556D05405E58}.AppStore|Any CPU.Build.0 = AppStore|iPhone
		{EFC88DAA-B666-49BD-BFB4-556D05405E58}.AppStore|Any CPU.Deploy.0 = AppStore|iPhone
		{EFC88DAA-B666-49BD-BFB4-556D05405E58}.AppStore|ARM.ActiveCfg = AppStore|iPhone
		{EFC88DAA-B666-49BD-BFB4-556D05405E58}.AppStore|ARM.Build.0 = AppStore|iPhone
		{EFC88DAA-B666-49BD-BFB4-556D05405E58}.AppStore|ARM.Deploy.0 = AppStore|iPhone
		{EFC88DAA-B666-49BD-BFB4-556D05405E58}.AppStore|iPhone.ActiveCfg = AppStore|iPhone
		{EFC88DAA-B666-49BD-BFB4-556D05405E58}.AppStore|iPhone.Build.0 = AppStore|iPhone
		{EFC88DAA-B666-49BD-BFB4-556D05405E58}.AppStore|iPhone.Deploy.0 = AppStore|iPhone
		{EFC88DAA-B666-49BD-BFB4-556D05405E58}.AppStore|iPhoneSimulator.ActiveCfg = AppStore|iPhoneSimulator
		{EFC88DAA-B666-49BD-BFB4-556D05405E58}.AppStore|iPhoneSimulator.Build.0 = AppStore|iPhoneSimulator
		{EFC88DAA-B666-49BD-BFB4-556D05405E58}.AppStore|iPhoneSimulator.Deploy.0 = AppStore|iPhoneSimulator
		{EFC88DAA-B666-49BD-BFB4-556D05405E58}.AppStore|x64.ActiveCfg = AppStore|iPhone
		{EFC88DAA-B666-49BD-BFB4-556D05405E58}.AppStore|x64.Build.0 = AppStore|iPhone
		{EFC88DAA-B666-49BD-BFB4-556D05405E58}.AppStore|x64.Deploy.0 = AppStore|iPhone
		{EFC88DAA-B666-49BD-BFB4-556D05405E58}.AppStore|x86.ActiveCfg = AppStore|iPhone
		{EFC88DAA-B666-49BD-BFB4-556D05405E58}.AppStore|x86.Build.0 = AppStore|iPhone
		{EFC88DAA-B666-49BD-BFB4-556D05405E58}.AppStore|x86.Deploy.0 = AppStore|iPhone
		{EFC88DAA-B666-49BD-BFB4-556D05405E58}.Debug|Any CPU.ActiveCfg = Debug|iPhoneSimulator
		{EFC88DAA-B666-49BD-BFB4-556D05405E58}.Debug|Any CPU.Build.0 = Debug|iPhoneSimulator
		{EFC88DAA-B666-49BD-BFB4-556D05405E58}.Debug|Any CPU.Deploy.0 = Debug|iPhoneSimulator
		{EFC88DAA-B666-49BD-BFB4-556D05405E58}.Debug|ARM.ActiveCfg = Debug|iPhone
		{EFC88DAA-B666-49BD-BFB4-556D05405E58}.Debug|ARM.Build.0 = Debug|iPhone
		{EFC88DAA-B666-49BD-BFB4-556D05405E58}.Debug|ARM.Deploy.0 = Debug|iPhone
		{EFC88DAA-B666-49BD-BFB4-556D05405E58}.Debug|iPhone.ActiveCfg = Debug|iPhone
		{EFC88DAA-B666-49BD-BFB4-556D05405E58}.Debug|iPhone.Build.0 = Debug|iPhone
		{EFC88DAA-B666-49BD-BFB4-556D05405E58}.Debug|iPhone.Deploy.0 = Debug|iPhone
		{EFC88DAA-B666-49BD-BFB4-556D05405E58}.Debug|iPhoneSimulator.ActiveCfg = Debug|iPhoneSimulator
		{EFC88DAA-B666-49BD-BFB4-556D05405E58}.Debug|iPhoneSimulator.Build.0 = Debug|iPhoneSimulator
		{EFC88DAA-B666-49BD-BFB4-556D05405E58}.Debug|iPhoneSimulator.Deploy.0 = Debug|iPhoneSimulator
		{EFC88DAA-B666-49BD-BFB4-556D05405E58}.Debug|x64.ActiveCfg = Debug|iPhone
		{EFC88DAA-B666-49BD-BFB4-556D05405E58}.Debug|x64.Build.0 = Debug|iPhone
		{EFC88DAA-B666-49BD-BFB4-556D05405E58}.Debug|x64.Deploy.0 = Debug|iPhone
		{EFC88DAA-B666-49BD-BFB4-556D05405E58}.Debug|x86.ActiveCfg = Debug|iPhone
		{EFC88DAA-B666-49BD-BFB4-556D05405E58}.Debug|x86.Build.0 = Debug|iPhone
		{EFC88DAA-B666-49BD-BFB4-556D05405E58}.Debug|x86.Deploy.0 = Debug|iPhone
		{EFC88DAA-B666-49BD-BFB4-556D05405E58}.Release|Any CPU.ActiveCfg = Release|iPhone
		{EFC88DAA-B666-49BD-BFB4-556D05405E58}.Release|Any CPU.Build.0 = Release|iPhone
		{EFC88DAA-B666-49BD-BFB4-556D05405E58}.Release|Any CPU.Deploy.0 = Release|iPhone
		{EFC88DAA-B666-49BD-BFB4-556D05405E58}.Release|ARM.ActiveCfg = Release|iPhone
		{EFC88DAA-B666-49BD-BFB4-556D05405E58}.Release|ARM.Build.0 = Release|iPhone
		{EFC88DAA-B666-49BD-BFB4-556D05405E58}.Release|ARM.Deploy.0 = Release|iPhone
		{EFC88DAA-B666-49BD-BFB4-556D05405E58}.Release|iPhone.ActiveCfg = Release|iPhone
		{EFC88DAA-B666-49BD-BFB4-556D05405E58}.Release|iPhone.Build.0 = Release|iPhone
		{EFC88DAA-B666-49BD-BFB4-556D05405E58}.Release|iPhone.Deploy.0 = Release|iPhone
		{EFC88DAA-B666-49BD-BFB4-556D05405E58}.Release|iPhoneSimulator.ActiveCfg = Release|iPhoneSimulator
		{EFC88DAA-B666-49BD-BFB4-556D05405E58}.Release|iPhoneSimulator.Build.0 = Release|iPhoneSimulator
		{EFC88DAA-B666-49BD-BFB4-556D05405E58}.Release|iPhoneSimulator.Deploy.0 = Release|iPhoneSimulator
		{EFC88DAA-B666-49BD-BFB4-556D05405E58}.Release|x64.ActiveCfg = Release|iPhone
		{EFC88DAA-B666-49BD-BFB4-556D05405E58}.Release|x64.Build.0 = Release|iPhone
		{EFC88DAA-B666-49BD-BFB4-556D05405E58}.Release|x64.Deploy.0 = Release|iPhone
		{EFC88DAA-B666-49BD-BFB4-556D05405E58}.Release|x86.ActiveCfg = Release|iPhone
		{EFC88DAA-B666-49BD-BFB4-556D05405E58}.Release|x86.Build.0 = Release|iPhone
		{EFC88DAA-B666-49BD-BFB4-556D05405E58}.Release|x86.Deploy.0 = Release|iPhone
		{394B6E78-FDB9-47DF-A2F6-28BD4BF962EF}.Ad-Hoc|Any CPU.ActiveCfg = Release|x86
		{394B6E78-FDB9-47DF-A2F6-28BD4BF962EF}.Ad-Hoc|Any CPU.Build.0 = Release|x86
		{394B6E78-FDB9-47DF-A2F6-28BD4BF962EF}.Ad-Hoc|Any CPU.Deploy.0 = Release|x86
		{394B6E78-FDB9-47DF-A2F6-28BD4BF962EF}.Ad-Hoc|ARM.ActiveCfg = Release|ARM
		{394B6E78-FDB9-47DF-A2F6-28BD4BF962EF}.Ad-Hoc|ARM.Build.0 = Release|ARM
		{394B6E78-FDB9-47DF-A2F6-28BD4BF962EF}.Ad-Hoc|ARM.Deploy.0 = Release|ARM
		{394B6E78-FDB9-47DF-A2F6-28BD4BF962EF}.Ad-Hoc|iPhone.ActiveCfg = Release|x86
		{394B6E78-FDB9-47DF-A2F6-28BD4BF962EF}.Ad-Hoc|iPhone.Build.0 = Release|x86
		{394B6E78-FDB9-47DF-A2F6-28BD4BF962EF}.Ad-Hoc|iPhone.Deploy.0 = Release|x86
		{394B6E78-FDB9-47DF-A2F6-28BD4BF962EF}.Ad-Hoc|iPhoneSimulator.ActiveCfg = Release|x86
		{394B6E78-FDB9-47DF-A2F6-28BD4BF962EF}.Ad-Hoc|iPhoneSimulator.Build.0 = Release|x86
		{394B6E78-FDB9-47DF-A2F6-28BD4BF962EF}.Ad-Hoc|iPhoneSimulator.Deploy.0 = Release|x86
		{394B6E78-FDB9-47DF-A2F6-28BD4BF962EF}.Ad-Hoc|x64.ActiveCfg = Release|x64
		{394B6E78-FDB9-47DF-A2F6-28BD4BF962EF}.Ad-Hoc|x64.Build.0 = Release|x64
		{394B6E78-FDB9-47DF-A2F6-28BD4BF962EF}.Ad-Hoc|x64.Deploy.0 = Release|x64
		{394B6E78-FDB9-47DF-A2F6-28BD4BF962EF}.Ad-Hoc|x86.ActiveCfg = Release|x86
		{394B6E78-FDB9-47DF-A2F6-28BD4BF962EF}.Ad-Hoc|x86.Build.0 = Release|x86
		{394B6E78-FDB9-47DF-A2F6-28BD4BF962EF}.Ad-Hoc|x86.Deploy.0 = Release|x86
		{394B6E78-FDB9-47DF-A2F6-28BD4BF962EF}.AppStore|Any CPU.ActiveCfg = Release|x86
		{394B6E78-FDB9-47DF-A2F6-28BD4BF962EF}.AppStore|Any CPU.Build.0 = Release|x86
		{394B6E78-FDB9-47DF-A2F6-28BD4BF962EF}.AppStore|Any CPU.Deploy.0 = Release|x86
		{394B6E78-FDB9-47DF-A2F6-28BD4BF962EF}.AppStore|ARM.ActiveCfg = Release|ARM
		{394B6E78-FDB9-47DF-A2F6-28BD4BF962EF}.AppStore|ARM.Build.0 = Release|ARM
		{394B6E78-FDB9-47DF-A2F6-28BD4BF962EF}.AppStore|ARM.Deploy.0 = Release|ARM
		{394B6E78-FDB9-47DF-A2F6-28BD4BF962EF}.AppStore|iPhone.ActiveCfg = Release|x86
		{394B6E78-FDB9-47DF-A2F6-28BD4BF962EF}.AppStore|iPhone.Build.0 = Release|x86
		{394B6E78-FDB9-47DF-A2F6-28BD4BF962EF}.AppStore|iPhone.Deploy.0 = Release|x86
		{394B6E78-FDB9-47DF-A2F6-28BD4BF962EF}.AppStore|iPhoneSimulator.ActiveCfg = Release|x86
		{394B6E78-FDB9-47DF-A2F6-28BD4BF962EF}.AppStore|iPhoneSimulator.Build.0 = Release|x86
		{394B6E78-FDB9-47DF-A2F6-28BD4BF962EF}.AppStore|iPhoneSimulator.Deploy.0 = Release|x86
		{394B6E78-FDB9-47DF-A2F6-28BD4BF962EF}.AppStore|x64.ActiveCfg = Release|x64
		{394B6E78-FDB9-47DF-A2F6-28BD4BF962EF}.AppStore|x64.Build.0 = Release|x64
		{394B6E78-FDB9-47DF-A2F6-28BD4BF962EF}.AppStore|x64.Deploy.0 = Release|x64
		{394B6E78-FDB9-47DF-A2F6-28BD4BF962EF}.AppStore|x86.ActiveCfg = Release|x86
		{394B6E78-FDB9-47DF-A2F6-28BD4BF962EF}.AppStore|x86.Build.0 = Release|x86
		{394B6E78-FDB9-47DF-A2F6-28BD4BF962EF}.AppStore|x86.Deploy.0 = Release|x86
		{394B6E78-FDB9-47DF-A2F6-28BD4BF962EF}.Debug|Any CPU.ActiveCfg = Debug|x86
		{394B6E78-FDB9-47DF-A2F6-28BD4BF962EF}.Debug|Any CPU.Build.0 = Debug|x86
		{394B6E78-FDB9-47DF-A2F6-28BD4BF962EF}.Debug|Any CPU.Deploy.0 = Debug|x86
		{394B6E78-FDB9-47DF-A2F6-28BD4BF962EF}.Debug|ARM.ActiveCfg = Debug|ARM
		{394B6E78-FDB9-47DF-A2F6-28BD4BF962EF}.Debug|ARM.Build.0 = Debug|ARM
		{394B6E78-FDB9-47DF-A2F6-28BD4BF962EF}.Debug|ARM.Deploy.0 = Debug|ARM
		{394B6E78-FDB9-47DF-A2F6-28BD4BF962EF}.Debug|iPhone.ActiveCfg = Debug|x86
		{394B6E78-FDB9-47DF-A2F6-28BD4BF962EF}.Debug|iPhone.Build.0 = Debug|x86
		{394B6E78-FDB9-47DF-A2F6-28BD4BF962EF}.Debug|iPhone.Deploy.0 = Debug|x86
		{394B6E78-FDB9-47DF-A2F6-28BD4BF962EF}.Debug|iPhoneSimulator.ActiveCfg = Debug|x86
		{394B6E78-FDB9-47DF-A2F6-28BD4BF962EF}.Debug|iPhoneSimulator.Build.0 = Debug|x86
		{394B6E78-FDB9-47DF-A2F6-28BD4BF962EF}.Debug|iPhoneSimulator.Deploy.0 = Debug|x86
		{394B6E78-FDB9-47DF-A2F6-28BD4BF962EF}.Debug|x64.ActiveCfg = Debug|x64
		{394B6E78-FDB9-47DF-A2F6-28BD4BF962EF}.Debug|x64.Build.0 = Debug|x64
		{394B6E78-FDB9-47DF-A2F6-28BD4BF962EF}.Debug|x64.Deploy.0 = Debug|x64
		{394B6E78-FDB9-47DF-A2F6-28BD4BF962EF}.Debug|x86.ActiveCfg = Debug|x86
		{394B6E78-FDB9-47DF-A2F6-28BD4BF962EF}.Debug|x86.Build.0 = Debug|x86
		{394B6E78-FDB9-47DF-A2F6-28BD4BF962EF}.Debug|x86.Deploy.0 = Debug|x86
		{394B6E78-FDB9-47DF-A2F6-28BD4BF962EF}.Release|Any CPU.ActiveCfg = Release|x86
		{394B6E78-FDB9-47DF-A2F6-28BD4BF962EF}.Release|Any CPU.Build.0 = Release|x86
		{394B6E78-FDB9-47DF-A2F6-28BD4BF962EF}.Release|Any CPU.Deploy.0 = Release|x86
		{394B6E78-FDB9-47DF-A2F6-28BD4BF962EF}.Release|ARM.ActiveCfg = Release|ARM
		{394B6E78-FDB9-47DF-A2F6-28BD4BF962EF}.Release|ARM.Build.0 = Release|ARM
		{394B6E78-FDB9-47DF-A2F6-28BD4BF962EF}.Release|ARM.Deploy.0 = Release|ARM
		{394B6E78-FDB9-47DF-A2F6-28BD4BF962EF}.Release|iPhone.ActiveCfg = Release|x86
		{394B6E78-FDB9-47DF-A2F6-28BD4BF962EF}.Release|iPhone.Build.0 = Release|x86
		{394B6E78-FDB9-47DF-A2F6-28BD4BF962EF}.Release|iPhone.Deploy.0 = Release|x86
		{394B6E78-FDB9-47DF-A2F6-28BD4BF962EF}.Release|iPhoneSimulator.ActiveCfg = Release|x86
		{394B6E78-FDB9-47DF-A2F6-28BD4BF962EF}.Release|iPhoneSimulator.Build.0 = Release|x86
		{394B6E78-FDB9-47DF-A2F6-28BD4BF962EF}.Release|iPhoneSimulator.Deploy.0 = Release|x86
		{394B6E78-FDB9-47DF-A2F6-28BD4BF962EF}.Release|x64.ActiveCfg = Release|x64
		{394B6E78-FDB9-47DF-A2F6-28BD4BF962EF}.Release|x64.Build.0 = Release|x64
		{394B6E78-FDB9-47DF-A2F6-28BD4BF962EF}.Release|x64.Deploy.0 = Release|x64
		{394B6E78-FDB9-47DF-A2F6-28BD4BF962EF}.Release|x86.ActiveCfg = Release|x86
		{394B6E78-FDB9-47DF-A2F6-28BD4BF962EF}.Release|x86.Build.0 = Release|x86
		{394B6E78-FDB9-47DF-A2F6-28BD4BF962EF}.Release|x86.Deploy.0 = Release|x86
		{432DF03A-C9AA-4CE7-A7D7-C7D8D85835B5}.Ad-Hoc|Any CPU.ActiveCfg = Debug|Any CPU
		{432DF03A-C9AA-4CE7-A7D7-C7D8D85835B5}.Ad-Hoc|Any CPU.Build.0 = Debug|Any CPU
		{432DF03A-C9AA-4CE7-A7D7-C7D8D85835B5}.Ad-Hoc|Any CPU.Deploy.0 = Debug|Any CPU
		{432DF03A-C9AA-4CE7-A7D7-C7D8D85835B5}.Ad-Hoc|ARM.ActiveCfg = Debug|Any CPU
		{432DF03A-C9AA-4CE7-A7D7-C7D8D85835B5}.Ad-Hoc|ARM.Build.0 = Debug|Any CPU
		{432DF03A-C9AA-4CE7-A7D7-C7D8D85835B5}.Ad-Hoc|ARM.Deploy.0 = Debug|Any CPU
		{432DF03A-C9AA-4CE7-A7D7-C7D8D85835B5}.Ad-Hoc|iPhone.ActiveCfg = Debug|Any CPU
		{432DF03A-C9AA-4CE7-A7D7-C7D8D85835B5}.Ad-Hoc|iPhone.Build.0 = Debug|Any CPU
		{432DF03A-C9AA-4CE7-A7D7-C7D8D85835B5}.Ad-Hoc|iPhone.Deploy.0 = Debug|Any CPU
		{432DF03A-C9AA-4CE7-A7D7-C7D8D85835B5}.Ad-Hoc|iPhoneSimulator.ActiveCfg = Debug|Any CPU
		{432DF03A-C9AA-4CE7-A7D7-C7D8D85835B5}.Ad-Hoc|iPhoneSimulator.Build.0 = Debug|Any CPU
		{432DF03A-C9AA-4CE7-A7D7-C7D8D85835B5}.Ad-Hoc|iPhoneSimulator.Deploy.0 = Debug|Any CPU
		{432DF03A-C9AA-4CE7-A7D7-C7D8D85835B5}.Ad-Hoc|x64.ActiveCfg = Debug|Any CPU
		{432DF03A-C9AA-4CE7-A7D7-C7D8D85835B5}.Ad-Hoc|x64.Build.0 = Debug|Any CPU
		{432DF03A-C9AA-4CE7-A7D7-C7D8D85835B5}.Ad-Hoc|x64.Deploy.0 = Debug|Any CPU
		{432DF03A-C9AA-4CE7-A7D7-C7D8D85835B5}.Ad-Hoc|x86.ActiveCfg = Debug|Any CPU
		{432DF03A-C9AA-4CE7-A7D7-C7D8D85835B5}.Ad-Hoc|x86.Build.0 = Debug|Any CPU
		{432DF03A-C9AA-4CE7-A7D7-C7D8D85835B5}.Ad-Hoc|x86.Deploy.0 = Debug|Any CPU
		{432DF03A-C9AA-4CE7-A7D7-C7D8D85835B5}.AppStore|Any CPU.ActiveCfg = Debug|Any CPU
		{432DF03A-C9AA-4CE7-A7D7-C7D8D85835B5}.AppStore|Any CPU.Build.0 = Debug|Any CPU
		{432DF03A-C9AA-4CE7-A7D7-C7D8D85835B5}.AppStore|Any CPU.Deploy.0 = Debug|Any CPU
		{432DF03A-C9AA-4CE7-A7D7-C7D8D85835B5}.AppStore|ARM.ActiveCfg = Debug|Any CPU
		{432DF03A-C9AA-4CE7-A7D7-C7D8D85835B5}.AppStore|ARM.Build.0 = Debug|Any CPU
		{432DF03A-C9AA-4CE7-A7D7-C7D8D85835B5}.AppStore|ARM.Deploy.0 = Debug|Any CPU
		{432DF03A-C9AA-4CE7-A7D7-C7D8D85835B5}.AppStore|iPhone.ActiveCfg = Debug|Any CPU
		{432DF03A-C9AA-4CE7-A7D7-C7D8D85835B5}.AppStore|iPhone.Build.0 = Debug|Any CPU
		{432DF03A-C9AA-4CE7-A7D7-C7D8D85835B5}.AppStore|iPhone.Deploy.0 = Debug|Any CPU
		{432DF03A-C9AA-4CE7-A7D7-C7D8D85835B5}.AppStore|iPhoneSimulator.ActiveCfg = Debug|Any CPU
		{432DF03A-C9AA-4CE7-A7D7-C7D8D85835B5}.AppStore|iPhoneSimulator.Build.0 = Debug|Any CPU
		{432DF03A-C9AA-4CE7-A7D7-C7D8D85835B5}.AppStore|iPhoneSimulator.Deploy.0 = Debug|Any CPU
		{432DF03A-C9AA-4CE7-A7D7-C7D8D85835B5}.AppStore|x64.ActiveCfg = Debug|Any CPU
		{432DF03A-C9AA-4CE7-A7D7-C7D8D85835B5}.AppStore|x64.Build.0 = Debug|Any CPU
		{432DF03A-C9AA-4CE7-A7D7-C7D8D85835B5}.AppStore|x64.Deploy.0 = Debug|Any CPU
		{432DF03A-C9AA-4CE7-A7D7-C7D8D85835B5}.AppStore|x86.ActiveCfg = Debug|Any CPU
		{432DF03A-C9AA-4CE7-A7D7-C7D8D85835B5}.AppStore|x86.Build.0 = Debug|Any CPU
		{432DF03A-C9AA-4CE7-A7D7-C7D8D85835B5}.AppStore|x86.Deploy.0 = Debug|Any CPU
		{432DF03A-C9AA-4CE7-A7D7-C7D8D85835B5}.Debug|Any CPU.ActiveCfg = Debug|Any CPU
		{432DF03A-C9AA-4CE7-A7D7-C7D8D85835B5}.Debug|Any CPU.Build.0 = Debug|Any CPU
		{432DF03A-C9AA-4CE7-A7D7-C7D8D85835B5}.Debug|Any CPU.Deploy.0 = Debug|Any CPU
		{432DF03A-C9AA-4CE7-A7D7-C7D8D85835B5}.Debug|ARM.ActiveCfg = Debug|Any CPU
		{432DF03A-C9AA-4CE7-A7D7-C7D8D85835B5}.Debug|ARM.Build.0 = Debug|Any CPU
		{432DF03A-C9AA-4CE7-A7D7-C7D8D85835B5}.Debug|ARM.Deploy.0 = Debug|Any CPU
		{432DF03A-C9AA-4CE7-A7D7-C7D8D85835B5}.Debug|iPhone.ActiveCfg = Debug|Any CPU
		{432DF03A-C9AA-4CE7-A7D7-C7D8D85835B5}.Debug|iPhone.Build.0 = Debug|Any CPU
		{432DF03A-C9AA-4CE7-A7D7-C7D8D85835B5}.Debug|iPhone.Deploy.0 = Debug|Any CPU
		{432DF03A-C9AA-4CE7-A7D7-C7D8D85835B5}.Debug|iPhoneSimulator.ActiveCfg = Debug|Any CPU
		{432DF03A-C9AA-4CE7-A7D7-C7D8D85835B5}.Debug|iPhoneSimulator.Build.0 = Debug|Any CPU
		{432DF03A-C9AA-4CE7-A7D7-C7D8D85835B5}.Debug|iPhoneSimulator.Deploy.0 = Debug|Any CPU
		{432DF03A-C9AA-4CE7-A7D7-C7D8D85835B5}.Debug|x64.ActiveCfg = Debug|Any CPU
		{432DF03A-C9AA-4CE7-A7D7-C7D8D85835B5}.Debug|x64.Build.0 = Debug|Any CPU
		{432DF03A-C9AA-4CE7-A7D7-C7D8D85835B5}.Debug|x64.Deploy.0 = Debug|Any CPU
		{432DF03A-C9AA-4CE7-A7D7-C7D8D85835B5}.Debug|x86.ActiveCfg = Debug|Any CPU
		{432DF03A-C9AA-4CE7-A7D7-C7D8D85835B5}.Debug|x86.Build.0 = Debug|Any CPU
		{432DF03A-C9AA-4CE7-A7D7-C7D8D85835B5}.Debug|x86.Deploy.0 = Debug|Any CPU
		{432DF03A-C9AA-4CE7-A7D7-C7D8D85835B5}.Release|Any CPU.ActiveCfg = Release|Any CPU
		{432DF03A-C9AA-4CE7-A7D7-C7D8D85835B5}.Release|Any CPU.Build.0 = Release|Any CPU
		{432DF03A-C9AA-4CE7-A7D7-C7D8D85835B5}.Release|Any CPU.Deploy.0 = Release|Any CPU
		{432DF03A-C9AA-4CE7-A7D7-C7D8D85835B5}.Release|ARM.ActiveCfg = Release|Any CPU
		{432DF03A-C9AA-4CE7-A7D7-C7D8D85835B5}.Release|ARM.Build.0 = Release|Any CPU
		{432DF03A-C9AA-4CE7-A7D7-C7D8D85835B5}.Release|ARM.Deploy.0 = Release|Any CPU
		{432DF03A-C9AA-4CE7-A7D7-C7D8D85835B5}.Release|iPhone.ActiveCfg = Release|Any CPU
		{432DF03A-C9AA-4CE7-A7D7-C7D8D85835B5}.Release|iPhone.Build.0 = Release|Any CPU
		{432DF03A-C9AA-4CE7-A7D7-C7D8D85835B5}.Release|iPhone.Deploy.0 = Release|Any CPU
		{432DF03A-C9AA-4CE7-A7D7-C7D8D85835B5}.Release|iPhoneSimulator.ActiveCfg = Release|Any CPU
		{432DF03A-C9AA-4CE7-A7D7-C7D8D85835B5}.Release|iPhoneSimulator.Build.0 = Release|Any CPU
		{432DF03A-C9AA-4CE7-A7D7-C7D8D85835B5}.Release|iPhoneSimulator.Deploy.0 = Release|Any CPU
		{432DF03A-C9AA-4CE7-A7D7-C7D8D85835B5}.Release|x64.ActiveCfg = Release|Any CPU
		{432DF03A-C9AA-4CE7-A7D7-C7D8D85835B5}.Release|x64.Build.0 = Release|Any CPU
		{432DF03A-C9AA-4CE7-A7D7-C7D8D85835B5}.Release|x64.Deploy.0 = Release|Any CPU
		{432DF03A-C9AA-4CE7-A7D7-C7D8D85835B5}.Release|x86.ActiveCfg = Release|Any CPU
		{432DF03A-C9AA-4CE7-A7D7-C7D8D85835B5}.Release|x86.Build.0 = Release|Any CPU
		{432DF03A-C9AA-4CE7-A7D7-C7D8D85835B5}.Release|x86.Deploy.0 = Release|Any CPU
	EndGlobalSection
	GlobalSection(SolutionProperties) = preSolution
		HideSolutionNode = FALSE
	EndGlobalSection
	GlobalSection(ExtensibilityGlobals) = postSolution
		SolutionGuid = {C4F8E6BB-7E9E-4793-A6F5-B9ED45948B34}
	EndGlobalSection
EndGlobal
